
Microsoft Visual Studio Solution File, Format Version 12.00
# Visual Studio Version 16
VisualStudioVersion = 16.0.31112.23
MinimumVisualStudioVersion = 15.0.26124.0
Project("{9A19103F-16F7-4668-BE54-9A1E7A4F7556}") = "Infrastructure", "Infrastructure\Infrastructure.csproj", "{B78B1D71-1120-49C5-BF9E-6440109F901A}"
EndProject
Project("{9A19103F-16F7-4668-BE54-9A1E7A4F7556}") = "Application", "Application\Application.csproj", "{D7554B9E-2955-450D-BB54-74C600B8FB73}"
EndProject
Project("{9A19103F-16F7-4668-BE54-9A1E7A4F7556}") = "CrossCutting", "CrossCutting\CrossCutting.csproj", "{4BCCBFB9-F566-42CF-94EE-FF83E58EB2DF}"
EndProject
Project("{9A19103F-16F7-4668-BE54-9A1E7A4F7556}") = "Domain", "Domain\Domain.csproj", "{027F6C08-650E-4105-9003-6AF89331D189}"
EndProject
Project("{9A19103F-16F7-4668-BE54-9A1E7A4F7556}") = "Service", "Domain.Service\Service.csproj", "{3F561711-6F66-4049-A88F-0DC2F361560D}"
EndProject
Project("{2150E333-8FDC-42A3-9474-1A3956D46DE8}") = "3 - Infrastructure", "3 - Infrastructure", "{F879FDD6-F492-4972-BC99-99A7DF4EB708}"
EndProject
Project("{2150E333-8FDC-42A3-9474-1A3956D46DE8}") = "2 - Domain", "2 - Domain", "{9AF87B9E-6CAB-4864-A349-79BC7C618300}"
EndProject
Project("{2150E333-8FDC-42A3-9474-1A3956D46DE8}") = "1 - Api", "1 - Api", "{2966D088-523E-44FD-8F73-ED51CAD2276B}"
EndProject
Project("{2150E333-8FDC-42A3-9474-1A3956D46DE8}") = "4 - Testes", "4 - Testes", "{3432CA6D-A912-4112-9A97-46ADBDBF61FD}"
EndProject
Project("{FAE04EC0-301F-11D3-BF4B-00C04F79EFBC}") = "Test", "Test\Test.csproj", "{ADCCB6B4-9B48-4E76-AB76-D74E749F9F3A}"
EndProject
Global
	GlobalSection(SolutionConfigurationPlatforms) = preSolution
		Debug|Any CPU = Debug|Any CPU
		Debug|x64 = Debug|x64
		Debug|x86 = Debug|x86
		Release|Any CPU = Release|Any CPU
		Release|x64 = Release|x64
		Release|x86 = Release|x86
	EndGlobalSection
	GlobalSection(ProjectConfigurationPlatforms) = postSolution
		{B78B1D71-1120-49C5-BF9E-6440109F901A}.Debug|Any CPU.ActiveCfg = Debug|Any CPU
		{B78B1D71-1120-49C5-BF9E-6440109F901A}.Debug|Any CPU.Build.0 = Debug|Any CPU
		{B78B1D71-1120-49C5-BF9E-6440109F901A}.Debug|x64.ActiveCfg = Debug|Any CPU
		{B78B1D71-1120-49C5-BF9E-6440109F901A}.Debug|x64.Build.0 = Debug|Any CPU
		{B78B1D71-1120-49C5-BF9E-6440109F901A}.Debug|x86.ActiveCfg = Debug|Any CPU
		{B78B1D71-1120-49C5-BF9E-6440109F901A}.Debug|x86.Build.0 = Debug|Any CPU
		{B78B1D71-1120-49C5-BF9E-6440109F901A}.Release|Any CPU.ActiveCfg = Release|Any CPU
		{B78B1D71-1120-49C5-BF9E-6440109F901A}.Release|Any CPU.Build.0 = Release|Any CPU
		{B78B1D71-1120-49C5-BF9E-6440109F901A}.Release|x64.ActiveCfg = Release|Any CPU
		{B78B1D71-1120-49C5-BF9E-6440109F901A}.Release|x64.Build.0 = Release|Any CPU
		{B78B1D71-1120-49C5-BF9E-6440109F901A}.Release|x86.ActiveCfg = Release|Any CPU
		{B78B1D71-1120-49C5-BF9E-6440109F901A}.Release|x86.Build.0 = Release|Any CPU
		{D7554B9E-2955-450D-BB54-74C600B8FB73}.Debug|Any CPU.ActiveCfg = Debug|Any CPU
		{D7554B9E-2955-450D-BB54-74C600B8FB73}.Debug|Any CPU.Build.0 = Debug|Any CPU
		{D7554B9E-2955-450D-BB54-74C600B8FB73}.Debug|x64.ActiveCfg = Debug|Any CPU
		{D7554B9E-2955-450D-BB54-74C600B8FB73}.Debug|x64.Build.0 = Debug|Any CPU
		{D7554B9E-2955-450D-BB54-74C600B8FB73}.Debug|x86.ActiveCfg = Debug|Any CPU
		{D7554B9E-2955-450D-BB54-74C600B8FB73}.Debug|x86.Build.0 = Debug|Any CPU
		{D7554B9E-2955-450D-BB54-74C600B8FB73}.Release|Any CPU.ActiveCfg = Release|Any CPU
		{D7554B9E-2955-450D-BB54-74C600B8FB73}.Release|Any CPU.Build.0 = Release|Any CPU
		{D7554B9E-2955-450D-BB54-74C600B8FB73}.Release|x64.ActiveCfg = Release|Any CPU
		{D7554B9E-2955-450D-BB54-74C600B8FB73}.Release|x64.Build.0 = Release|Any CPU
		{D7554B9E-2955-450D-BB54-74C600B8FB73}.Release|x86.ActiveCfg = Release|Any CPU
		{D7554B9E-2955-450D-BB54-74C600B8FB73}.Release|x86.Build.0 = Release|Any CPU
		{4BCCBFB9-F566-42CF-94EE-FF83E58EB2DF}.Debug|Any CPU.ActiveCfg = Debug|Any CPU
		{4BCCBFB9-F566-42CF-94EE-FF83E58EB2DF}.Debug|Any CPU.Build.0 = Debug|Any CPU
		{4BCCBFB9-F566-42CF-94EE-FF83E58EB2DF}.Debug|x64.ActiveCfg = Debug|Any CPU
		{4BCCBFB9-F566-42CF-94EE-FF83E58EB2DF}.Debug|x64.Build.0 = Debug|Any CPU
		{4BCCBFB9-F566-42CF-94EE-FF83E58EB2DF}.Debug|x86.ActiveCfg = Debug|Any CPU
		{4BCCBFB9-F566-42CF-94EE-FF83E58EB2DF}.Debug|x86.Build.0 = Debug|Any CPU
		{4BCCBFB9-F566-42CF-94EE-FF83E58EB2DF}.Release|Any CPU.ActiveCfg = Release|Any CPU
		{4BCCBFB9-F566-42CF-94EE-FF83E58EB2DF}.Release|Any CPU.Build.0 = Release|Any CPU
		{4BCCBFB9-F566-42CF-94EE-FF83E58EB2DF}.Release|x64.ActiveCfg = Release|Any CPU
		{4BCCBFB9-F566-42CF-94EE-FF83E58EB2DF}.Release|x64.Build.0 = Release|Any CPU
		{4BCCBFB9-F566-42CF-94EE-FF83E58EB2DF}.Release|x86.ActiveCfg = Release|Any CPU
		{4BCCBFB9-F566-42CF-94EE-FF83E58EB2DF}.Release|x86.Build.0 = Release|Any CPU
		{027F6C08-650E-4105-9003-6AF89331D189}.Debug|Any CPU.ActiveCfg = Debug|Any CPU
		{027F6C08-650E-4105-9003-6AF89331D189}.Debug|Any CPU.Build.0 = Debug|Any CPU
		{027F6C08-650E-4105-9003-6AF89331D189}.Debug|x64.ActiveCfg = Debug|Any CPU
		{027F6C08-650E-4105-9003-6AF89331D189}.Debug|x64.Build.0 = Debug|Any CPU
		{027F6C08-650E-4105-9003-6AF89331D189}.Debug|x86.ActiveCfg = Debug|Any CPU
		{027F6C08-650E-4105-9003-6AF89331D189}.Debug|x86.Build.0 = Debug|Any CPU
		{027F6C08-650E-4105-9003-6AF89331D189}.Release|Any CPU.ActiveCfg = Release|Any CPU
		{027F6C08-650E-4105-9003-6AF89331D189}.Release|Any CPU.Build.0 = Release|Any CPU
		{027F6C08-650E-4105-9003-6AF89331D189}.Release|x64.ActiveCfg = Release|Any CPU
		{027F6C08-650E-4105-9003-6AF89331D189}.Release|x64.Build.0 = Release|Any CPU
		{027F6C08-650E-4105-9003-6AF89331D189}.Release|x86.ActiveCfg = Release|Any CPU
		{027F6C08-650E-4105-9003-6AF89331D189}.Release|x86.Build.0 = Release|Any CPU
		{3F561711-6F66-4049-A88F-0DC2F361560D}.Debug|Any CPU.ActiveCfg = Debug|Any CPU
		{3F561711-6F66-4049-A88F-0DC2F361560D}.Debug|Any CPU.Build.0 = Debug|Any CPU
		{3F561711-6F66-4049-A88F-0DC2F361560D}.Debug|x64.ActiveCfg = Debug|Any CPU
		{3F561711-6F66-4049-A88F-0DC2F361560D}.Debug|x64.Build.0 = Debug|Any CPU
		{3F561711-6F66-4049-A88F-0DC2F361560D}.Debug|x86.ActiveCfg = Debug|Any CPU
		{3F561711-6F66-4049-A88F-0DC2F361560D}.Debug|x86.Build.0 = Debug|Any CPU
		{3F561711-6F66-4049-A88F-0DC2F361560D}.Release|Any CPU.ActiveCfg = Release|Any CPU
		{3F561711-6F66-4049-A88F-0DC2F361560D}.Release|Any CPU.Build.0 = Release|Any CPU
		{3F561711-6F66-4049-A88F-0DC2F361560D}.Release|x64.ActiveCfg = Release|Any CPU
		{3F561711-6F66-4049-A88F-0DC2F361560D}.Release|x64.Build.0 = Release|Any CPU
		{3F561711-6F66-4049-A88F-0DC2F361560D}.Release|x86.ActiveCfg = Release|Any CPU
		{3F561711-6F66-4049-A88F-0DC2F361560D}.Release|x86.Build.0 = Release|Any CPU
		{ADCCB6B4-9B48-4E76-AB76-D74E749F9F3A}.Debug|Any CPU.ActiveCfg = Debug|Any CPU
		{ADCCB6B4-9B48-4E76-AB76-D74E749F9F3A}.Debug|Any CPU.Build.0 = Debug|Any CPU
		{ADCCB6B4-9B48-4E76-AB76-D74E749F9F3A}.Debug|x64.ActiveCfg = Debug|Any CPU
		{ADCCB6B4-9B48-4E76-AB76-D74E749F9F3A}.Debug|x64.Build.0 = Debug|Any CPU
		{ADCCB6B4-9B48-4E76-AB76-D74E749F9F3A}.Debug|x86.ActiveCfg = Debug|Any CPU
		{ADCCB6B4-9B48-4E76-AB76-D74E749F9F3A}.Debug|x86.Build.0 = Debug|Any CPU
		{ADCCB6B4-9B48-4E76-AB76-D74E749F9F3A}.Release|Any CPU.ActiveCfg = Release|Any CPU
		{ADCCB6B4-9B48-4E76-AB76-D74E749F9F3A}.Release|Any CPU.Build.0 = Release|Any CPU
		{ADCCB6B4-9B48-4E76-AB76-D74E749F9F3A}.Release|x64.ActiveCfg = Release|Any CPU
		{ADCCB6B4-9B48-4E76-AB76-D74E749F9F3A}.Release|x64.Build.0 = Release|Any CPU
		{ADCCB6B4-9B48-4E76-AB76-D74E749F9F3A}.Release|x86.ActiveCfg = Release|Any CPU
		{ADCCB6B4-9B48-4E76-AB76-D74E749F9F3A}.Release|x86.Build.0 = Release|Any CPU
	EndGlobalSection
	GlobalSection(SolutionProperties) = preSolution
		HideSolutionNode = FALSE
	EndGlobalSection
	GlobalSection(NestedProjects) = preSolution
		{B78B1D71-1120-49C5-BF9E-6440109F901A} = {F879FDD6-F492-4972-BC99-99A7DF4EB708}
		{D7554B9E-2955-450D-BB54-74C600B8FB73} = {2966D088-523E-44FD-8F73-ED51CAD2276B}
		{4BCCBFB9-F566-42CF-94EE-FF83E58EB2DF} = {F879FDD6-F492-4972-BC99-99A7DF4EB708}
		{027F6C08-650E-4105-9003-6AF89331D189} = {9AF87B9E-6CAB-4864-A349-79BC7C618300}
		{3F561711-6F66-4049-A88F-0DC2F361560D} = {9AF87B9E-6CAB-4864-A349-79BC7C618300}
		{ADCCB6B4-9B48-4E76-AB76-D74E749F9F3A} = {3432CA6D-A912-4112-9A97-46ADBDBF61FD}
	EndGlobalSection
	GlobalSection(ExtensibilityGlobals) = postSolution
		SolutionGuid = {C43F85CD-EACA-48AA-BEB3-F74B51B467E1}
	EndGlobalSection
EndGlobal
